
Microsoft Visual Studio Solution File, Format Version 12.00
# Visual Studio Version 17
VisualStudioVersion = 17.11.35312.102
MinimumVisualStudioVersion = 10.0.40219.1
Project("{FAE04EC0-301F-11D3-BF4B-00C04F79EFBC}") = "DibujoAhorcado", "DibujoAhorcado\DibujoAhorcado.csproj", "{DB8F241D-6499-420B-A56C-8575165F2A33}"
EndProject
Project("{FAE04EC0-301F-11D3-BF4B-00C04F79EFBC}") = "PruebaDeAhorcado", "PruebaDeAhorcado\PruebaDeAhorcado.csproj", "{2C08E435-5269-4481-920E-1BC27E9ECF9C}"
EndProject
Global
	GlobalSection(SolutionConfigurationPlatforms) = preSolution
		Debug|Any CPU = Debug|Any CPU
		Release|Any CPU = Release|Any CPU
	EndGlobalSection
	GlobalSection(ProjectConfigurationPlatforms) = postSolution
		{DB8F241D-6499-420B-A56C-8575165F2A33}.Debug|Any CPU.ActiveCfg = Debug|Any CPU
		{DB8F241D-6499-420B-A56C-8575165F2A33}.Debug|Any CPU.Build.0 = Debug|Any CPU
		{DB8F241D-6499-420B-A56C-8575165F2A33}.Release|Any CPU.ActiveCfg = Release|Any CPU
		{DB8F241D-6499-420B-A56C-8575165F2A33}.Release|Any CPU.Build.0 = Release|Any CPU
		{2C08E435-5269-4481-920E-1BC27E9ECF9C}.Debug|Any CPU.ActiveCfg = Debug|Any CPU
		{2C08E435-5269-4481-920E-1BC27E9ECF9C}.Debug|Any CPU.Build.0 = Debug|Any CPU
		{2C08E435-5269-4481-920E-1BC27E9ECF9C}.Release|Any CPU.ActiveCfg = Release|Any CPU
		{2C08E435-5269-4481-920E-1BC27E9ECF9C}.Release|Any CPU.Build.0 = Release|Any CPU
	EndGlobalSection
	GlobalSection(SolutionProperties) = preSolution
		HideSolutionNode = FALSE
	EndGlobalSection
	GlobalSection(ExtensibilityGlobals) = postSolution
		SolutionGuid = {59D680F2-4351-4D9C-819B-3A282D6F0A8E}
	EndGlobalSection
EndGlobal
